# ez-checker × TypeScript corpus conformance ratchet.
#
# Generated by `zig build save-baseline` — DO NOT hand-edit. Enforced by
# `zig build test-oracle`; the test FAILS if conformance regresses:
#   * match drops below match_min            (fewer correct answers — all types)
#   * wrong rises above wrong_max            (more wrong concrete answers — all types)
#   * prim_match drops below prim_match_min  (primitive sub-metric floor)
#   * sections_eval drops below sections_eval_min
#   * any section raises a pipeline error
#
# Full corpus snapshot:
#   all-types correct = 540048/657474 (82.1%)   wrong = 40449   gap = 66791   no-node = 10186   ambig = 0
#   primitive correct = 334372/372262 (89.8%)   wrong = 9061   gap = 22857   no-node = 5972
sections_eval_min 18921
match_min 540048
wrong_max 40449
prim_match_min 334372
prim_wrong_max 9061
