# ez-checker × TypeScript corpus conformance ratchet.
#
# Generated by `zig build save-baseline` — DO NOT hand-edit. Enforced by
# `zig build test-oracle`; the test FAILS if conformance regresses:
#   * match drops below match_min            (fewer correct answers — all types)
#   * wrong rises above wrong_max            (more wrong concrete answers — all types)
#   * prim_match drops below prim_match_min  (primitive sub-metric floor)
#   * sections_eval drops below sections_eval_min
#   * any section raises a pipeline error
#
# Full corpus snapshot:
#   all-types correct = 524461/657474 (79.8%)   wrong = 48636   gap = 74132   no-node = 10245   ambig = 0
#   primitive correct = 331378/372262 (89.0%)   wrong = 10788   gap = 24122   no-node = 5974
sections_eval_min 18921
match_min 524461
wrong_max 48636
prim_match_min 331378
prim_wrong_max 10788
