# ez-checker × TypeScript corpus conformance ratchet.
#
# Generated by `zig build save-baseline` — DO NOT hand-edit. Enforced by
# `zig build test-oracle`; the test FAILS if conformance regresses:
#   * match drops below match_min            (fewer correct answers — all types)
#   * wrong rises above wrong_max            (more wrong concrete answers — all types)
#   * prim_match drops below prim_match_min  (primitive sub-metric floor)
#   * sections_eval drops below sections_eval_min
#   * any section raises a pipeline error
#
# Full corpus snapshot:
#   all-types correct = 548979/657474 (83.5%)   wrong = 35384   gap = 64405   no-node = 8706   ambig = 0
#   primitive correct = 337371/372262 (90.6%)   wrong = 7643   gap = 21739   no-node = 5509
sections_eval_min 18921
match_min 548979
wrong_max 35384
prim_match_min 337371
prim_wrong_max 7643
